
Microsoft Visual Studio Solution File, Format Version 12.00
# Visual Studio Version 16
VisualStudioVersion = 16.0.30907.101
MinimumVisualStudioVersion = 10.0.40219.1
Project("{9A19103F-16F7-4668-BE54-9A1E7A4F7556}") = "PetsDiary.Module", "Module\PetsDiary.Module.csproj", "{C6BC1ECE-FB06-4676-93EC-D8D7EF37BF92}"
EndProject
Project("{9A19103F-16F7-4668-BE54-9A1E7A4F7556}") = "PetsDiary.Data", "PetsDiary.Data\PetsDiary.Data.csproj", "{F156B352-6688-4B37-BF9B-9571855EC362}"
EndProject
Project("{9A19103F-16F7-4668-BE54-9A1E7A4F7556}") = "PetsDiary.Presentation", "PetsDiary.Presentation\PetsDiary.Presentation.csproj", "{55169C51-5208-4619-AC7F-D0AF4318B742}"
EndProject
Project("{9A19103F-16F7-4668-BE54-9A1E7A4F7556}") = "PetsDiary.Core", "PetsDiary.Core\PetsDiary.Core.csproj", "{021C8640-861F-4286-A316-512074E3F188}"
EndProject
Project("{9A19103F-16F7-4668-BE54-9A1E7A4F7556}") = "PetsDiary.Common", "PetsDiary.Common\PetsDiary.Common.csproj", "{3E9A615B-C948-4575-A068-38A8E5E0FC65}"
EndProject
Project("{FAE04EC0-301F-11D3-BF4B-00C04F79EFBC}") = "PetsDiary.Presentations.Tests", "PetsDiary.Presentations.Tests\PetsDiary.Presentations.Tests.csproj", "{BB18A4A8-7304-40A6-82AA-3DF33364F886}"
EndProject
Global
	GlobalSection(SolutionConfigurationPlatforms) = preSolution
		Debug|Any CPU = Debug|Any CPU
		Release|Any CPU = Release|Any CPU
	EndGlobalSection
	GlobalSection(ProjectConfigurationPlatforms) = postSolution
		{C6BC1ECE-FB06-4676-93EC-D8D7EF37BF92}.Debug|Any CPU.ActiveCfg = Debug|Any CPU
		{C6BC1ECE-FB06-4676-93EC-D8D7EF37BF92}.Debug|Any CPU.Build.0 = Debug|Any CPU
		{C6BC1ECE-FB06-4676-93EC-D8D7EF37BF92}.Release|Any CPU.ActiveCfg = Release|Any CPU
		{C6BC1ECE-FB06-4676-93EC-D8D7EF37BF92}.Release|Any CPU.Build.0 = Release|Any CPU
		{F156B352-6688-4B37-BF9B-9571855EC362}.Debug|Any CPU.ActiveCfg = Debug|Any CPU
		{F156B352-6688-4B37-BF9B-9571855EC362}.Debug|Any CPU.Build.0 = Debug|Any CPU
		{F156B352-6688-4B37-BF9B-9571855EC362}.Release|Any CPU.ActiveCfg = Release|Any CPU
		{F156B352-6688-4B37-BF9B-9571855EC362}.Release|Any CPU.Build.0 = Release|Any CPU
		{55169C51-5208-4619-AC7F-D0AF4318B742}.Debug|Any CPU.ActiveCfg = Debug|Any CPU
		{55169C51-5208-4619-AC7F-D0AF4318B742}.Debug|Any CPU.Build.0 = Debug|Any CPU
		{55169C51-5208-4619-AC7F-D0AF4318B742}.Release|Any CPU.ActiveCfg = Release|Any CPU
		{55169C51-5208-4619-AC7F-D0AF4318B742}.Release|Any CPU.Build.0 = Release|Any CPU
		{021C8640-861F-4286-A316-512074E3F188}.Debug|Any CPU.ActiveCfg = Debug|Any CPU
		{021C8640-861F-4286-A316-512074E3F188}.Debug|Any CPU.Build.0 = Debug|Any CPU
		{021C8640-861F-4286-A316-512074E3F188}.Release|Any CPU.ActiveCfg = Release|Any CPU
		{021C8640-861F-4286-A316-512074E3F188}.Release|Any CPU.Build.0 = Release|Any CPU
		{3E9A615B-C948-4575-A068-38A8E5E0FC65}.Debug|Any CPU.ActiveCfg = Debug|Any CPU
		{3E9A615B-C948-4575-A068-38A8E5E0FC65}.Debug|Any CPU.Build.0 = Debug|Any CPU
		{3E9A615B-C948-4575-A068-38A8E5E0FC65}.Release|Any CPU.ActiveCfg = Release|Any CPU
		{3E9A615B-C948-4575-A068-38A8E5E0FC65}.Release|Any CPU.Build.0 = Release|Any CPU
		{BB18A4A8-7304-40A6-82AA-3DF33364F886}.Debug|Any CPU.ActiveCfg = Debug|Any CPU
		{BB18A4A8-7304-40A6-82AA-3DF33364F886}.Debug|Any CPU.Build.0 = Debug|Any CPU
		{BB18A4A8-7304-40A6-82AA-3DF33364F886}.Release|Any CPU.ActiveCfg = Release|Any CPU
		{BB18A4A8-7304-40A6-82AA-3DF33364F886}.Release|Any CPU.Build.0 = Release|Any CPU
	EndGlobalSection
	GlobalSection(SolutionProperties) = preSolution
		HideSolutionNode = FALSE
	EndGlobalSection
	GlobalSection(ExtensibilityGlobals) = postSolution
		SolutionGuid = {A0FCEDBF-BE72-4A15-B307-17A5D1153402}
	EndGlobalSection
EndGlobal
